<?xml version="1.0" encoding="utf-8"?>
<Project ToolsVersion="4.0" xmlns="http://schemas.microsoft.com/developer/msbuild/2003">
  <ItemGroup>
    <Filter Include="Source Files">
      <UniqueIdentifier>{4FC737F1-C7A5-4376-A066-2A32D752A2FF}</UniqueIdentifier>
      <Extensions>cpp;c;cc;cxx;c++;cppm;ixx;def;odl;idl;hpj;bat;asm;asmx</Extensions>
    </Filter>
    <Filter Include="Header Files">
      <UniqueIdentifier>{93995380-89BD-4b04-88EB-625FBE52EBFB}</UniqueIdentifier>
      <Extensions>h;hh;hpp;hxx;h++;hm;inl;inc;ipp;xsd</Extensions>
    </Filter>
    <Filter Include="Resource Files">
      <UniqueIdentifier>{67DA6AB6-F800-4c08-8B7A-83BB121AAD01}</UniqueIdentifier>
      <Extensions>rc;ico;cur;bmp;dlg;rc2;rct;bin;rgs;gif;jpg;jpeg;jpe;resx;tiff;tif;png;wav;mfcribbon-ms</Extensions>
    </Filter>
  </ItemGroup>
  <ItemGroup>
    <ClCompile Include="Source\Main.cpp">
      <Filter>Source Files</Filter>
    </ClCompile>
    <ClCompile Include="Source\Game\GCharacter.cpp">
      <Filter>Source Files</Filter>
    </ClCompile>
    <ClCompile Include="Source\UtilityAI\Private\UAI\Actions\UTAction.cpp">
      <Filter>Source Files</Filter>
    </ClCompile>
    <ClCompile Include="Source\UtilityAI\Private\UAI\Scoring\UTScorer.cpp">
      <Filter>Source Files</Filter>
    </ClCompile>
    <ClCompile Include="Source\UtilityAI\Private\UAI\Goals\UTGoal.cpp">
      <Filter>Source Files</Filter>
    </ClCompile>
    <ClCompile Include="Source\UtilityAI\Private\UAI\Considerations\UTConsideration.cpp">
      <Filter>Source Files</Filter>
    </ClCompile>
    <ClCompile Include="Source\UtilityAI\Private\UAI\UTFunctionRegistry.cpp">
      <Filter>Source Files</Filter>
    </ClCompile>
    <ClCompile Include="Source\glad.c">
      <Filter>Source Files</Filter>
    </ClCompile>
    <ClCompile Include="Extern\imgui\imgui.cpp">
      <Filter>Source Files</Filter>
    </ClCompile>
    <ClCompile Include="Extern\imgui\imgui_demo.cpp">
      <Filter>Source Files</Filter>
    </ClCompile>
    <ClCompile Include="Extern\imgui\imgui_draw.cpp">
      <Filter>Source Files</Filter>
    </ClCompile>
    <ClCompile Include="Extern\imgui\imgui_tables.cpp">
      <Filter>Source Files</Filter>
    </ClCompile>
    <ClCompile Include="Extern\imgui\imgui_widgets.cpp">
      <Filter>Source Files</Filter>
    </ClCompile>
    <ClCompile Include="Extern\imgui\backends\imgui_impl_opengl3.cpp">
      <Filter>Source Files</Filter>
    </ClCompile>
    <ClCompile Include="Extern\imgui\backends\imgui_impl_sdl3.cpp">
      <Filter>Source Files</Filter>
    </ClCompile>
    <ClCompile Include="Source\UtilityAI\Private\Editor\UTEditorApp.cpp">
      <Filter>Source Files</Filter>
    </ClCompile>
    <ClCompile Include="Source\UtilityAI\Private\Editor\UTWindowManager.cpp">
      <Filter>Source Files</Filter>
    </ClCompile>
    <ClCompile Include="Source\UtilityAI\Private\UAI\Effects\UTEffect.cpp">
      <Filter>Source Files</Filter>
    </ClCompile>
    <ClCompile Include="Source\UtilityAI\Private\Editor\UTActionsPanel.cpp">
      <Filter>Source Files</Filter>
    </ClCompile>
    <ClCompile Include="Source\UtilityAI\Private\Scripting\UTLuaLoader.cpp">
      <Filter>Source Files</Filter>
    </ClCompile>
    <ClCompile Include="Source\UtilityAI\Private\UAI\Traits\UTTrait.cpp">
      <Filter>Source Files</Filter>
    </ClCompile>
    <ClCompile Include="Source\UtilityAI\Private\Editor\UTTraitsPanel.cpp">
      <Filter>Source Files</Filter>
    </ClCompile>
    <ClCompile Include="Source\UtilityAI\Private\Editor\UTPanelHelpers.cpp">
      <Filter>Source Files</Filter>
    </ClCompile>
    <ClCompile Include="Source\UtilityAI\Private\Editor\UTGoalsPanel.cpp">
      <Filter>Source Files</Filter>
    </ClCompile>
    <ClCompile Include="Source\Game\GCharactersPanel.cpp">
      <Filter>Source Files</Filter>
    </ClCompile>
    <ClCompile Include="Source\Game\GWorld.cpp">
      <Filter>Source Files</Filter>
    </ClCompile>
    <ClCompile Include="Source\UtilityAI\Private\Core\UTKeyGenerator.cpp">
      <Filter>Source Files</Filter>
    </ClCompile>
    <ClCompile Include="Source\UtilityAI\Private\Core\UTObject.cpp">
      <Filter>Source Files</Filter>
    </ClCompile>
  </ItemGroup>
  <ItemGroup>
    <ClInclude Include="UtilityCore\UtilityCore.h">
      <Filter>Header Files</Filter>
    </ClInclude>
    <ClInclude Include="UtilityCore\Math\Curves.h">
      <Filter>Header Files</Filter>
    </ClInclude>
    <ClInclude Include="UtilityCore\Math\Math.h">
      <Filter>Header Files</Filter>
    </ClInclude>
    <ClInclude Include="Source\UtilityAI\Public\Math\UTCurves.h">
      <Filter>Header Files</Filter>
    </ClInclude>
    <ClInclude Include="Source\UtilityAI\Public\Math\UTMath.h">
      <Filter>Header Files</Filter>
    </ClInclude>
    <ClInclude Include="Source\Game\GCharacter.h">
      <Filter>Header Files</Filter>
    </ClInclude>
    <ClInclude Include="Source\Game\StatTypes.h">
      <Filter>Header Files</Filter>
    </ClInclude>
    <ClInclude Include="Game\Helpers.h">
      <Filter>Header Files</Filter>
    </ClInclude>
    <ClInclude Include="Source\Game\GameHelpers.h">
      <Filter>Header Files</Filter>
    </ClInclude>
    <ClInclude Include="Source\UtilityAI\Public\UAI\Actions\UTAction.h">
      <Filter>Header Files</Filter>
    </ClInclude>
    <ClInclude Include="Source\UtilityAI\Public\UAI\Traits\UTTrait.h">
      <Filter>Header Files</Filter>
    </ClInclude>
    <ClInclude Include="Source\UtilityAI\Public\Logging\UTLogger.h">
      <Filter>Header Files</Filter>
    </ClInclude>
    <ClInclude Include="Source\UtilityAI\Public\UAI\Effects\UTEffect.h">
      <Filter>Header Files</Filter>
    </ClInclude>
    <ClInclude Include="Source\UtilityAI\Public\UAI\Goals\UTGoal.h">
      <Filter>Header Files</Filter>
    </ClInclude>
    <ClInclude Include="Source\UtilityAI\Public\UAI\Scoring\UTScorer.h">
      <Filter>Header Files</Filter>
    </ClInclude>
    <ClInclude Include="Source\UtilityAI\Public\UAI\Considerations\UTConsideration.h">
      <Filter>Header Files</Filter>
    </ClInclude>
    <ClInclude Include="Source\UtilityAI\Public\UAI\UTAgentContext.h">
      <Filter>Header Files</Filter>
    </ClInclude>
    <ClInclude Include="Source\UtilityAI\Public\Scripting\UTLuaLoader.h">
      <Filter>Header Files</Filter>
    </ClInclude>
    <ClInclude Include="Source\UtilityAI\Public\Scripting\UTLuaUtils.h">
      <Filter>Header Files</Filter>
    </ClInclude>
    <ClInclude Include="Source\UtilityAI\Public\Scripting\UTLuaLogger.h">
      <Filter>Header Files</Filter>
    </ClInclude>
    <ClInclude Include="Source\UtilityAI\Public\UAI\UTFunctionRegistry.h">
      <Filter>Header Files</Filter>
    </ClInclude>
    <ClInclude Include="Extern\imgui\imstb_truetype.h">
      <Filter>Header Files</Filter>
    </ClInclude>
    <ClInclude Include="Extern\imgui\imconfig.h">
      <Filter>Header Files</Filter>
    </ClInclude>
    <ClInclude Include="Extern\imgui\imgui.h">
      <Filter>Header Files</Filter>
    </ClInclude>
    <ClInclude Include="Extern\imgui\imgui_internal.h">
      <Filter>Header Files</Filter>
    </ClInclude>
    <ClInclude Include="Extern\imgui\imstb_rectpack.h">
      <Filter>Header Files</Filter>
    </ClInclude>
    <ClInclude Include="Extern\imgui\imstb_textedit.h">
      <Filter>Header Files</Filter>
    </ClInclude>
    <ClInclude Include="Extern\imgui\backends\imgui_impl_opengl3_loader.h">
      <Filter>Header Files</Filter>
    </ClInclude>
    <ClInclude Include="Extern\imgui\backends\imgui_impl_opengl3.h">
      <Filter>Header Files</Filter>
    </ClInclude>
    <ClInclude Include="Extern\imgui\backends\imgui_impl_sdl3.h">
      <Filter>Header Files</Filter>
    </ClInclude>
    <ClInclude Include="Source\UtilityAI\Public\Editor\UTEditorApp.h">
      <Filter>Header Files</Filter>
    </ClInclude>
    <ClInclude Include="Source\UtilityAI\Public\Editor\UTWindowManager.h">
      <Filter>Header Files</Filter>
    </ClInclude>
    <ClInclude Include="Source\UtilityAI\Public\UAI\Effects\UTEffectTypes.h">
      <Filter>Header Files</Filter>
    </ClInclude>
    <ClInclude Include="Source\UtilityAI\Public\Editor\UTEditorPanel.h">
      <Filter>Header Files</Filter>
    </ClInclude>
    <ClInclude Include="Source\UtilityAI\Public\Editor\UTActionsPanel.h">
      <Filter>Header Files</Filter>
    </ClInclude>
    <ClInclude Include="Source\UtilityAI\Public\Editor\UTTraitsPanel.h">
      <Filter>Header Files</Filter>
    </ClInclude>
    <ClInclude Include="Source\UtilityAI\Public\Editor\UTPanelHelpers.h">
      <Filter>Header Files</Filter>
    </ClInclude>
    <ClInclude Include="Source\UtilityAI\Public\Core\UTObjectRegistry.h">
      <Filter>Header Files</Filter>
    </ClInclude>
    <ClInclude Include="Source\UtilityAI\Public\Editor\UTGoalsPanel.h">
      <Filter>Header Files</Filter>
    </ClInclude>
    <ClInclude Include="Source\Game\GCharactersPanel.h">
      <Filter>Header Files</Filter>
    </ClInclude>
    <ClInclude Include="Source\Game\GWorld.h">
      <Filter>Header Files</Filter>
    </ClInclude>
    <ClInclude Include="Source\UtilityAI\Public\Core\UTKeyGenerator.h">
      <Filter>Header Files</Filter>
    </ClInclude>
    <ClInclude Include="Source\UtilityAI\Public\Core\UTObjectQuery.h">
      <Filter>Header Files</Filter>
    </ClInclude>
    <ClInclude Include="Source\UtilityAI\Public\Core\UTObject.h">
      <Filter>Header Files</Filter>
    </ClInclude>
    <ClInclude Include="Source\UtilityAI\Public\UAI\Scoring\UTObjectScore.h">
      <Filter>Header Files</Filter>
    </ClInclude>
  </ItemGroup>
  <ItemGroup>
    <None Include="Scripts\Actions\Test\RaidAction.lua" />
    <None Include="Scripts\Traits\Test\TestTrait.lua" />
    <None Include="Scripts\Goals\Test\TestGoal.lua" />
  </ItemGroup>
</Project>